
Microsoft Visual Studio Solution File, Format Version 12.00
# Visual Studio Version 17
VisualStudioVersion = 17.3.32901.215
MinimumVisualStudioVersion = 10.0.40219.1
Project("{FAE04EC0-301F-11D3-BF4B-00C04F79EFBC}") = "Playlister", "Playlister\Playlister.csproj", "{B1CA7276-EE9D-421A-8001-60CD89FD978A}"
EndProject
Global
	GlobalSection(SolutionConfigurationPlatforms) = preSolution
		Debug|Any CPU = Debug|Any CPU
		Release|Any CPU = Release|Any CPU
	EndGlobalSection
	GlobalSection(ProjectConfigurationPlatforms) = postSolution
		{B1CA7276-EE9D-421A-8001-60CD89FD978A}.Debug|Any CPU.ActiveCfg = Debug|Any CPU
		{B1CA7276-EE9D-421A-8001-60CD89FD978A}.Debug|Any CPU.Build.0 = Debug|Any CPU
		{B1CA7276-EE9D-421A-8001-60CD89FD978A}.Release|Any CPU.ActiveCfg = Release|Any CPU
		{B1CA7276-EE9D-421A-8001-60CD89FD978A}.Release|Any CPU.Build.0 = Release|Any CPU
	EndGlobalSection
	GlobalSection(SolutionProperties) = preSolution
		HideSolutionNode = FALSE
	EndGlobalSection
	GlobalSection(ExtensibilityGlobals) = postSolution
		SolutionGuid = {3AB2F991-5109-4CA9-8F93-660CD3568A9D}
	EndGlobalSection
EndGlobal
